{
  "nodes": {
    "flake-compat": {
      "flake": false,
      "locked": {
        "lastModified": 1599123690,
        "narHash": "sha256-SaPcfjQLubbQSegD8mkWmuBWu2Zf0vuhSBrulmIculo=",
        "owner": "edolstra",
        "repo": "flake-compat",
        "rev": "cecfd08d13ddef8a79f277e67b8084bd9afa1586",
        "type": "github"
      },
      "original": {
        "owner": "edolstra",
        "repo": "flake-compat",
        "type": "github"
      }
    },
    "lightmeter-src": {
      "flake": false,
      "locked": {
        "lastModified": 1599828688,
        "narHash": "sha256-xol1vqM16A2GkwGHLKjQAHew07tGHIt5nrB0tKStDLE=",
        "owner": "lightmeter",
        "repo": "controlcenter",
        "rev": "68de4ca8056946bd2c0c1d1f56d981f4ca61ef3d",
        "type": "gitlab"
      },
      "original": {
        "owner": "lightmeter",
        "repo": "controlcenter",
        "type": "gitlab"
      }
    },
    "nixpkgs": {
      "locked": {
        "lastModified": 1599960925,
        "narHash": "sha256-S4RA/dzeAva2AyCIaxlHAN3cL1wLVnmZ+/UX5ldOl3g=",
        "owner": "NixOS",
        "repo": "nixpkgs",
        "rev": "e0508c81809b12013bce95562d556b1e672e3541",
        "type": "github"
      },
      "original": {
        "owner": "NixOS",
        "ref": "nixos-20.09",
        "repo": "nixpkgs",
        "type": "github"
      }
    },
    "root": {
      "inputs": {
        "flake-compat": "flake-compat",
        "lightmeter-src": "lightmeter-src",
        "nixpkgs": "nixpkgs"
      }
    }
  },
  "root": "root",
  "version": 7
}
