{
  "nodes": {
    "lightmeter-src": {
      "flake": false,
      "locked": {
        "lastModified": 1599828688,
        "narHash": "sha256-xol1vqM16A2GkwGHLKjQAHew07tGHIt5nrB0tKStDLE=",
        "owner": "lightmeter",
        "repo": "controlcenter",
        "rev": "68de4ca8056946bd2c0c1d1f56d981f4ca61ef3d",
        "type": "gitlab"
      },
      "original": {
        "owner": "lightmeter",
        "repo": "controlcenter",
        "type": "gitlab"
      }
    },
    "nixpkgs": {
      "locked": {
        "lastModified": 1599903709,
        "narHash": "sha256-tinVKY7zRdSXmVOp7BAulNtIb2iP5nvNp5UAxihKXNI=",
        "owner": "NixOS",
        "repo": "nixpkgs",
        "rev": "252bfe0107587d40092057f338e9ffcf7bbd90cb",
        "type": "github"
      },
      "original": {
        "owner": "NixOS",
        "ref": "nixos-20.03",
        "repo": "nixpkgs",
        "type": "github"
      }
    },
    "root": {
      "inputs": {
        "lightmeter-src": "lightmeter-src",
        "nixpkgs": "nixpkgs"
      }
    }
  },
  "root": "root",
  "version": 7
}
